Microsoft Visual Studio Solution File, Format Version 11.00
# Visual C++ Express 2010
Project("{8BC9CEB8-8B4A-11D0-8D11-00A0C91BC942}") = "NodeMon", "NodeMon.vcxproj", "{ED175E61-35BA-999E-01DF-3D1759F77AB0}"
EndProject
Project("{8BC9CEB8-8B4A-11D0-8D11-00A0C91BC942}") = "libNodeInfo", "libNodeInfo.vcxproj", "{AAF6F328-3BD4-43B2-919A-5BF2AB8406DF}"
EndProject
Global
	GlobalSection(SolutionConfigurationPlatforms) = preSolution
		Debug|Win32 = Debug|Win32
		Release|Win32 = Release|Win32
	EndGlobalSection
	GlobalSection(ProjectConfigurationPlatforms) = postSolution
		{ED175E61-35BA-999E-01DF-3D1759F77AB0}.Debug|Win32.ActiveCfg = Debug|Win32
		{ED175E61-35BA-999E-01DF-3D1759F77AB0}.Release|Win32.ActiveCfg = Release|Win32
		{AAF6F328-3BD4-43B2-919A-5BF2AB8406DF}.Debug|Win32.ActiveCfg = Debug|Win32
		{AAF6F328-3BD4-43B2-919A-5BF2AB8406DF}.Debug|Win32.Build.0 = Debug|Win32
		{AAF6F328-3BD4-43B2-919A-5BF2AB8406DF}.Release|Win32.ActiveCfg = Release|Win32
		{AAF6F328-3BD4-43B2-919A-5BF2AB8406DF}.Release|Win32.Build.0 = Release|Win32
	EndGlobalSection
	GlobalSection(SolutionProperties) = preSolution
		HideSolutionNode = FALSE
	EndGlobalSection
EndGlobal
